// !$*UTF8*$!
{
	archiveVersion = 1;
	classes = {
	};
	objectVersion = 48;
	objects = {

/* Begin PBXBuildFile section */
		1D3EFEAE0539DAFD5FEF1665 /* Pods_ParseChat.framework in Frameworks */ = {isa = PBXBuildFile; fileRef = 0D38BC74E2829FCFEF5F9874 /* Pods_ParseChat.framework */; };
		20B2C1978973F37DA46EBAC2 /* Pods_ParseChatTests.framework in Frameworks */ = {isa = PBXBuildFile; fileRef = 8CA8A4F75394A2CC4DAD5007 /* Pods_ParseChatTests.framework */; };
		431E79068F873348AD39B802 /* Pods_ParseChatUITests.framework in Frameworks */ = {isa = PBXBuildFile; fileRef = CB05210D07379F4E45692979 /* Pods_ParseChatUITests.framework */; };
		EC1C248A20425C7500E74E9F /* AppDelegate.swift in Sources */ = {isa = PBXBuildFile; fileRef = EC1C248920425C7500E74E9F /* AppDelegate.swift */; };
		EC1C248C20425C7500E74E9F /* ViewController.swift in Sources */ = {isa = PBXBuildFile; fileRef = EC1C248B20425C7500E74E9F /* ViewController.swift */; };
		EC1C248F20425C7500E74E9F /* Main.storyboard in Resources */ = {isa = PBXBuildFile; fileRef = EC1C248D20425C7500E74E9F /* Main.storyboard */; };
		EC1C249120425C7500E74E9F /* Assets.xcassets in Resources */ = {isa = PBXBuildFile; fileRef = EC1C249020425C7500E74E9F /* Assets.xcassets */; };
		EC1C249420425C7500E74E9F /* LaunchScreen.storyboard in Resources */ = {isa = PBXBuildFile; fileRef = EC1C249220425C7500E74E9F /* LaunchScreen.storyboard */; };
		EC1C249F20425C7500E74E9F /* ParseChatTests.swift in Sources */ = {isa = PBXBuildFile; fileRef = EC1C249E20425C7500E74E9F /* ParseChatTests.swift */; };
		EC1C24AA20425C7500E74E9F /* ParseChatUITests.swift in Sources */ = {isa = PBXBuildFile; fileRef = EC1C24A920425C7500E74E9F /* ParseChatUITests.swift */; };
		EC1C24B820425E1C00E74E9F /* LoginViewController.swift in Sources */ = {isa = PBXBuildFile; fileRef = EC1C24B720425E1C00E74E9F /* LoginViewController.swift */; };
		EC38420320426D8500C00459 /* ChatViewController.swift in Sources */ = {isa = PBXBuildFile; fileRef = EC38420220426D8500C00459 /* ChatViewController.swift */; };
		EC3842062042715600C00459 /* ChatCell.swift in Sources */ = {isa = PBXBuildFile; fileRef = EC3842052042715600C00459 /* ChatCell.swift */; };
/* End PBXBuildFile section */

/* Begin PBXContainerItemProxy section */
		EC1C249B20425C7500E74E9F /* PBXContainerItemProxy */ = {
			isa = PBXContainerItemProxy;
			containerPortal = EC1C247E20425C7500E74E9F /* Project object */;
			proxyType = 1;
			remoteGlobalIDString = EC1C248520425C7500E74E9F;
			remoteInfo = ParseChat;
		};
		EC1C24A620425C7500E74E9F /* PBXContainerItemProxy */ = {
			isa = PBXContainerItemProxy;
			containerPortal = EC1C247E20425C7500E74E9F /* Project object */;
			proxyType = 1;
			remoteGlobalIDString = EC1C248520425C7500E74E9F;
			remoteInfo = ParseChat;
		};
/* End PBXContainerItemProxy section */

/* Begin PBXFileReference section */
		0D38BC74E2829FCFEF5F9874 /* Pods_ParseChat.framework */ = {isa = PBXFileReference; explicitFileType = wrapper.framework; includeInIndex = 0; path = Pods_ParseChat.framework; sourceTree = BUILT_PRODUCTS_DIR; };
		29230361C9F29F43F9298BD2 /* Pods-ParseChat.debug.xcconfig */ = {isa = PBXFileReference; includeInIndex = 1; lastKnownFileType = text.xcconfig; name = "Pods-ParseChat.debug.xcconfig"; path = "Pods/Target Support Files/Pods-ParseChat/Pods-ParseChat.debug.xcconfig"; sourceTree = "<group>"; };
		37ACC3285F8589C86CC13629 /* Pods-ParseChatUITests.debug.xcconfig */ = {isa = PBXFileReference; includeInIndex = 1; lastKnownFileType = text.xcconfig; name = "Pods-ParseChatUITests.debug.xcconfig"; path = "Pods/Target Support Files/Pods-ParseChatUITests/Pods-ParseChatUITests.debug.xcconfig"; sourceTree = "<group>"; };
		3B710E4CF944977B32A6D166 /* Pods-ParseChatTests.release.xcconfig */ = {isa = PBXFileReference; includeInIndex = 1; lastKnownFileType = text.xcconfig; name = "Pods-ParseChatTests.release.xcconfig"; path = "Pods/Target Support Files/Pods-ParseChatTests/Pods-ParseChatTests.release.xcconfig"; sourceTree = "<group>"; };
		8CA8A4F75394A2CC4DAD5007 /* Pods_ParseChatTests.framework */ = {isa = PBXFileReference; explicitFileType = wrapper.framework; includeInIndex = 0; path = Pods_ParseChatTests.framework; sourceTree = BUILT_PRODUCTS_DIR; };
		CB05210D07379F4E45692979 /* Pods_ParseChatUITests.framework */ = {isa = PBXFileReference; explicitFileType = wrapper.framework; includeInIndex = 0; path = Pods_ParseChatUITests.framework; sourceTree = BUILT_PRODUCTS_DIR; };
		DF0655A9603E522D92EDA2D8 /* Pods-ParseChatTests.debug.xcconfig */ = {isa = PBXFileReference; includeInIndex = 1; lastKnownFileType = text.xcconfig; name = "Pods-ParseChatTests.debug.xcconfig"; path = "Pods/Target Support Files/Pods-ParseChatTests/Pods-ParseChatTests.debug.xcconfig"; sourceTree = "<group>"; };
		E3F4CF8E5733962D29B21A4D /* Pods-ParseChat.release.xcconfig */ = {isa = PBXFileReference; includeInIndex = 1; lastKnownFileType = text.xcconfig; name = "Pods-ParseChat.release.xcconfig"; path = "Pods/Target Support Files/Pods-ParseChat/Pods-ParseChat.release.xcconfig"; sourceTree = "<group>"; };
		EC1C248620425C7500E74E9F /* ParseChat.app */ = {isa = PBXFileReference; explicitFileType = wrapper.application; includeInIndex = 0; path = ParseChat.app; sourceTree = BUILT_PRODUCTS_DIR; };
		EC1C248920425C7500E74E9F /* AppDelegate.swift */ = {isa = PBXFileReference; lastKnownFileType = sourcecode.swift; path = AppDelegate.swift; sourceTree = "<group>"; };
		EC1C248B20425C7500E74E9F /* ViewController.swift */ = {isa = PBXFileReference; lastKnownFileType = sourcecode.swift; path = ViewController.swift; sourceTree = "<group>"; };
		EC1C248E20425C7500E74E9F /* Base */ = {isa = PBXFileReference; lastKnownFileType = file.storyboard; name = Base; path = Base.lproj/Main.storyboard; sourceTree = "<group>"; };
		EC1C249020425C7500E74E9F /* Assets.xcassets */ = {isa = PBXFileReference; lastKnownFileType = folder.assetcatalog; path = Assets.xcassets; sourceTree = "<group>"; };
		EC1C249320425C7500E74E9F /* Base */ = {isa = PBXFileReference; lastKnownFileType = file.storyboard; name = Base; path = Base.lproj/LaunchScreen.storyboard; sourceTree = "<group>"; };
		EC1C249520425C7500E74E9F /* Info.plist */ = {isa = PBXFileReference; lastKnownFileType = text.plist.xml; path = Info.plist; sourceTree = "<group>"; };
		EC1C249A20425C7500E74E9F /* ParseChatTests.xctest */ = {isa = PBXFileReference; explicitFileType = wrapper.cfbundle; includeInIndex = 0; path = ParseChatTests.xctest; sourceTree = BUILT_PRODUCTS_DIR; };
		EC1C249E20425C7500E74E9F /* ParseChatTests.swift */ = {isa = PBXFileReference; lastKnownFileType = sourcecode.swift; path = ParseChatTests.swift; sourceTree = "<group>"; };
		EC1C24A020425C7500E74E9F /* Info.plist */ = {isa = PBXFileReference; lastKnownFileType = text.plist.xml; path = Info.plist; sourceTree = "<group>"; };
		EC1C24A520425C7500E74E9F /* ParseChatUITests.xctest */ = {isa = PBXFileReference; explicitFileType = wrapper.cfbundle; includeInIndex = 0; path = ParseChatUITests.xctest; sourceTree = BUILT_PRODUCTS_DIR; };
		EC1C24A920425C7500E74E9F /* ParseChatUITests.swift */ = {isa = PBXFileReference; lastKnownFileType = sourcecode.swift; path = ParseChatUITests.swift; sourceTree = "<group>"; };
		EC1C24AB20425C7500E74E9F /* Info.plist */ = {isa = PBXFileReference; lastKnownFileType = text.plist.xml; path = Info.plist; sourceTree = "<group>"; };
		EC1C24B720425E1C00E74E9F /* LoginViewController.swift */ = {isa = PBXFileReference; lastKnownFileType = sourcecode.swift; path = LoginViewController.swift; sourceTree = "<group>"; };
		EC38420220426D8500C00459 /* ChatViewController.swift */ = {isa = PBXFileReference; lastKnownFileType = sourcecode.swift; path = ChatViewController.swift; sourceTree = "<group>"; };
		EC3842052042715600C00459 /* ChatCell.swift */ = {isa = PBXFileReference; lastKnownFileType = sourcecode.swift; path = ChatCell.swift; sourceTree = "<group>"; };
		FE1BBE8AAADDA99C991BE8A1 /* Pods-ParseChatUITests.release.xcconfig */ = {isa = PBXFileReference; includeInIndex = 1; lastKnownFileType = text.xcconfig; name = "Pods-ParseChatUITests.release.xcconfig"; path = "Pods/Target Support Files/Pods-ParseChatUITests/Pods-ParseChatUITests.release.xcconfig"; sourceTree = "<group>"; };
/* End PBXFileReference section */

/* Begin PBXFrameworksBuildPhase section */
		EC1C248320425C7500E74E9F /* Frameworks */ = {
			isa = PBXFrameworksBuildPhase;
			buildActionMask = 2147483647;
			files = (
				1D3EFEAE0539DAFD5FEF1665 /* Pods_ParseChat.framework in Frameworks */,
			);
			runOnlyForDeploymentPostprocessing = 0;
		};
		EC1C249720425C7500E74E9F /* Frameworks */ = {
			isa = PBXFrameworksBuildPhase;
			buildActionMask = 2147483647;
			files = (
				20B2C1978973F37DA46EBAC2 /* Pods_ParseChatTests.framework in Frameworks */,
			);
			runOnlyForDeploymentPostprocessing = 0;
		};
		EC1C24A220425C7500E74E9F /* Frameworks */ = {
			isa = PBXFrameworksBuildPhase;
			buildActionMask = 2147483647;
			files = (
				431E79068F873348AD39B802 /* Pods_ParseChatUITests.framework in Frameworks */,
			);
			runOnlyForDeploymentPostprocessing = 0;
		};
/* End PBXFrameworksBuildPhase section */

/* Begin PBXGroup section */
		73CB3D860E18594F67E79743 /* Pods */ = {
			isa = PBXGroup;
			children = (
				29230361C9F29F43F9298BD2 /* Pods-ParseChat.debug.xcconfig */,
				E3F4CF8E5733962D29B21A4D /* Pods-ParseChat.release.xcconfig */,
				DF0655A9603E522D92EDA2D8 /* Pods-ParseChatTests.debug.xcconfig */,
				3B710E4CF944977B32A6D166 /* Pods-ParseChatTests.release.xcconfig */,
				37ACC3285F8589C86CC13629 /* Pods-ParseChatUITests.debug.xcconfig */,
				FE1BBE8AAADDA99C991BE8A1 /* Pods-ParseChatUITests.release.xcconfig */,
			);
			name = Pods;
			sourceTree = "<group>";
		};
		B7E69B2092CEA48CD1AED643 /* Frameworks */ = {
			isa = PBXGroup;
			children = (
				0D38BC74E2829FCFEF5F9874 /* Pods_ParseChat.framework */,
				8CA8A4F75394A2CC4DAD5007 /* Pods_ParseChatTests.framework */,
				CB05210D07379F4E45692979 /* Pods_ParseChatUITests.framework */,
			);
			name = Frameworks;
			sourceTree = "<group>";
		};
		EC1C247D20425C7500E74E9F = {
			isa = PBXGroup;
			children = (
				EC3842042042713800C00459 /* Views */,
				EC1C248820425C7500E74E9F /* ParseChat */,
				EC1C249D20425C7500E74E9F /* ParseChatTests */,
				EC1C24A820425C7500E74E9F /* ParseChatUITests */,
				EC1C248720425C7500E74E9F /* Products */,
				73CB3D860E18594F67E79743 /* Pods */,
				B7E69B2092CEA48CD1AED643 /* Frameworks */,
			);
			sourceTree = "<group>";
		};
		EC1C248720425C7500E74E9F /* Products */ = {
			isa = PBXGroup;
			children = (
				EC1C248620425C7500E74E9F /* ParseChat.app */,
				EC1C249A20425C7500E74E9F /* ParseChatTests.xctest */,
				EC1C24A520425C7500E74E9F /* ParseChatUITests.xctest */,
			);
			name = Products;
			sourceTree = "<group>";
		};
		EC1C248820425C7500E74E9F /* ParseChat */ = {
			isa = PBXGroup;
			children = (
				EC1C248920425C7500E74E9F /* AppDelegate.swift */,
				EC1C248B20425C7500E74E9F /* ViewController.swift */,
				EC1C248D20425C7500E74E9F /* Main.storyboard */,
				EC1C249020425C7500E74E9F /* Assets.xcassets */,
				EC1C249220425C7500E74E9F /* LaunchScreen.storyboard */,
				EC1C249520425C7500E74E9F /* Info.plist */,
				EC1C24B720425E1C00E74E9F /* LoginViewController.swift */,
				EC38420220426D8500C00459 /* ChatViewController.swift */,
			);
			path = ParseChat;
			sourceTree = "<group>";
		};
		EC1C249D20425C7500E74E9F /* ParseChatTests */ = {
			isa = PBXGroup;
			children = (
				EC1C249E20425C7500E74E9F /* ParseChatTests.swift */,
				EC1C24A020425C7500E74E9F /* Info.plist */,
			);
			path = ParseChatTests;
			sourceTree = "<group>";
		};
		EC1C24A820425C7500E74E9F /* ParseChatUITests */ = {
			isa = PBXGroup;
			children = (
				EC1C24A920425C7500E74E9F /* ParseChatUITests.swift */,
				EC1C24AB20425C7500E74E9F /* Info.plist */,
			);
			path = ParseChatUITests;
			sourceTree = "<group>";
		};
		EC3842042042713800C00459 /* Views */ = {
			isa = PBXGroup;
			children = (
				EC3842052042715600C00459 /* ChatCell.swift */,
			);
			path = Views;
			sourceTree = "<group>";
		};
/* End PBXGroup section */

/* Begin PBXNativeTarget section */
		EC1C248520425C7500E74E9F /* ParseChat */ = {
			isa = PBXNativeTarget;
			buildConfigurationList = EC1C24AE20425C7500E74E9F /* Build configuration list for PBXNativeTarget "ParseChat" */;
			buildPhases = (
				8C32E39D841ACB08B49A99FF /* [CP] Check Pods Manifest.lock */,
				EC1C248220425C7500E74E9F /* Sources */,
				EC1C248320425C7500E74E9F /* Frameworks */,
				EC1C248420425C7500E74E9F /* Resources */,
				1F29F4C1EBF6BC82D59506FD /* [CP] Embed Pods Frameworks */,
				9A89DEF0825DA1991B18D514 /* [CP] Copy Pods Resources */,
			);
			buildRules = (
			);
			dependencies = (
			);
			name = ParseChat;
			productName = ParseChat;
			productReference = EC1C248620425C7500E74E9F /* ParseChat.app */;
			productType = "com.apple.product-type.application";
		};
		EC1C249920425C7500E74E9F /* ParseChatTests */ = {
			isa = PBXNativeTarget;
			buildConfigurationList = EC1C24B120425C7500E74E9F /* Build configuration list for PBXNativeTarget "ParseChatTests" */;
			buildPhases = (
				3F806A2ECA7F5F7E8766ED7B /* [CP] Check Pods Manifest.lock */,
				EC1C249620425C7500E74E9F /* Sources */,
				EC1C249720425C7500E74E9F /* Frameworks */,
				EC1C249820425C7500E74E9F /* Resources */,
				674228E16EE1658DB2263C0A /* [CP] Embed Pods Frameworks */,
				6952CABB5024B012CC2B071A /* [CP] Copy Pods Resources */,
			);
			buildRules = (
			);
			dependencies = (
				EC1C249C20425C7500E74E9F /* PBXTargetDependency */,
			);
			name = ParseChatTests;
			productName = ParseChatTests;
			productReference = EC1C249A20425C7500E74E9F /* ParseChatTests.xctest */;
			productType = "com.apple.product-type.bundle.unit-test";
		};
		EC1C24A420425C7500E74E9F /* ParseChatUITests */ = {
			isa = PBXNativeTarget;
			buildConfigurationList = EC1C24B420425C7500E74E9F /* Build configuration list for PBXNativeTarget "ParseChatUITests" */;
			buildPhases = (
				AA51A1838C7EDE6254B9CF1A /* [CP] Check Pods Manifest.lock */,
				EC1C24A120425C7500E74E9F /* Sources */,
				EC1C24A220425C7500E74E9F /* Frameworks */,
				EC1C24A320425C7500E74E9F /* Resources */,
				2F030FB223A4DBC782F5AD2E /* [CP] Embed Pods Frameworks */,
				D76E2E974B25E8A09D6FED8A /* [CP] Copy Pods Resources */,
			);
			buildRules = (
			);
			dependencies = (
				EC1C24A720425C7500E74E9F /* PBXTargetDependency */,
			);
			name = ParseChatUITests;
			productName = ParseChatUITests;
			productReference = EC1C24A520425C7500E74E9F /* ParseChatUITests.xctest */;
			productType = "com.apple.product-type.bundle.ui-testing";
		};
/* End PBXNativeTarget section */

/* Begin PBXProject section */
		EC1C247E20425C7500E74E9F /* Project object */ = {
			isa = PBXProject;
			attributes = {
				LastSwiftUpdateCheck = 0920;
				LastUpgradeCheck = 0920;
				ORGANIZATIONNAME = "Daniel Calderon";
				TargetAttributes = {
					EC1C248520425C7500E74E9F = {
						CreatedOnToolsVersion = 9.2;
						ProvisioningStyle = Automatic;
					};
					EC1C249920425C7500E74E9F = {
						CreatedOnToolsVersion = 9.2;
						ProvisioningStyle = Automatic;
						TestTargetID = EC1C248520425C7500E74E9F;
					};
					EC1C24A420425C7500E74E9F = {
						CreatedOnToolsVersion = 9.2;
						ProvisioningStyle = Automatic;
						TestTargetID = EC1C248520425C7500E74E9F;
					};
				};
			};
			buildConfigurationList = EC1C248120425C7500E74E9F /* Build configuration list for PBXProject "ParseChat" */;
			compatibilityVersion = "Xcode 8.0";
			developmentRegion = en;
			hasScannedForEncodings = 0;
			knownRegions = (
				en,
				Base,
			);
			mainGroup = EC1C247D20425C7500E74E9F;
			productRefGroup = EC1C248720425C7500E74E9F /* Products */;
			projectDirPath = "";
			projectRoot = "";
			targets = (
				EC1C248520425C7500E74E9F /* ParseChat */,
				EC1C249920425C7500E74E9F /* ParseChatTests */,
				EC1C24A420425C7500E74E9F /* ParseChatUITests */,
			);
		};
/* End PBXProject section */

/* Begin PBXResourcesBuildPhase section */
		EC1C248420425C7500E74E9F /* Resources */ = {
			isa = PBXResourcesBuildPhase;
			buildActionMask = 2147483647;
			files = (
				EC1C249420425C7500E74E9F /* LaunchScreen.storyboard in Resources */,
				EC1C249120425C7500E74E9F /* Assets.xcassets in Resources */,
				EC1C248F20425C7500E74E9F /* Main.storyboard in Resources */,
			);
			runOnlyForDeploymentPostprocessing = 0;
		};
		EC1C249820425C7500E74E9F /* Resources */ = {
			isa = PBXResourcesBuildPhase;
			buildActionMask = 2147483647;
			files = (
			);
			runOnlyForDeploymentPostprocessing = 0;
		};
		EC1C24A320425C7500E74E9F /* Resources */ = {
			isa = PBXResourcesBuildPhase;
			buildActionMask = 2147483647;
			files = (
			);
			runOnlyForDeploymentPostprocessing = 0;
		};
/* End PBXResourcesBuildPhase section */

/* Begin PBXShellScriptBuildPhase section */
		1F29F4C1EBF6BC82D59506FD /* [CP] Embed Pods Frameworks */ = {
			isa = PBXShellScriptBuildPhase;
			buildActionMask = 2147483647;
			files = (
			);
			inputPaths = (
				"${SRCROOT}/Pods/Target Support Files/Pods-ParseChat/Pods-ParseChat-frameworks.sh",
				"${BUILT_PRODUCTS_DIR}/Bolts/Bolts.framework",
				"${BUILT_PRODUCTS_DIR}/Parse/Parse.framework",
			);
			name = "[CP] Embed Pods Frameworks";
			outputPaths = (
				"${TARGET_BUILD_DIR}/${FRAMEWORKS_FOLDER_PATH}/Bolts.framework",
				"${TARGET_BUILD_DIR}/${FRAMEWORKS_FOLDER_PATH}/Parse.framework",
			);
			runOnlyForDeploymentPostprocessing = 0;
			shellPath = /bin/sh;
			shellScript = "\"${SRCROOT}/Pods/Target Support Files/Pods-ParseChat/Pods-ParseChat-frameworks.sh\"\n";
			showEnvVarsInLog = 0;
		};
		2F030FB223A4DBC782F5AD2E /* [CP] Embed Pods Frameworks */ = {
			isa = PBXShellScriptBuildPhase;
			buildActionMask = 2147483647;
			files = (
			);
			inputPaths = (
			);
			name = "[CP] Embed Pods Frameworks";
			outputPaths = (
			);
			runOnlyForDeploymentPostprocessing = 0;
			shellPath = /bin/sh;
			shellScript = "\"${SRCROOT}/Pods/Target Support Files/Pods-ParseChatUITests/Pods-ParseChatUITests-frameworks.sh\"\n";
			showEnvVarsInLog = 0;
		};
		3F806A2ECA7F5F7E8766ED7B /* [CP] Check Pods Manifest.lock */ = {
			isa = PBXShellScriptBuildPhase;
			buildActionMask = 2147483647;
			files = (
			);
			inputPaths = (
				"${PODS_PODFILE_DIR_PATH}/Podfile.lock",
				"${PODS_ROOT}/Manifest.lock",
			);
			name = "[CP] Check Pods Manifest.lock";
			outputPaths = (
				"$(DERIVED_FILE_DIR)/Pods-ParseChatTests-checkManifestLockResult.txt",
			);
			runOnlyForDeploymentPostprocessing = 0;
			shellPath = /bin/sh;
			shellScript = "diff \"${PODS_PODFILE_DIR_PATH}/Podfile.lock\" \"${PODS_ROOT}/Manifest.lock\" > /dev/null\nif [ $? != 0 ] ; then\n    # print error to STDERR\n    echo \"error: The sandbox is not in sync with the Podfile.lock. Run 'pod install' or update your CocoaPods installation.\" >&2\n    exit 1\nfi\n# This output is used by Xcode 'outputs' to avoid re-running this script phase.\necho \"SUCCESS\" > \"${SCRIPT_OUTPUT_FILE_0}\"\n";
			showEnvVarsInLog = 0;
		};
		674228E16EE1658DB2263C0A /* [CP] Embed Pods Frameworks */ = {
			isa = PBXShellScriptBuildPhase;
			buildActionMask = 2147483647;
			files = (
			);
			inputPaths = (
			);
			name = "[CP] Embed Pods Frameworks";
			outputPaths = (
			);
			runOnlyForDeploymentPostprocessing = 0;
			shellPath = /bin/sh;
			shellScript = "\"${SRCROOT}/Pods/Target Support Files/Pods-ParseChatTests/Pods-ParseChatTests-frameworks.sh\"\n";
			showEnvVarsInLog = 0;
		};
		6952CABB5024B012CC2B071A /* [CP] Copy Pods Resources */ = {
			isa = PBXShellScriptBuildPhase;
			buildActionMask = 2147483647;
			files = (
			);
			inputPaths = (
			);
			name = "[CP] Copy Pods Resources";
			outputPaths = (
			);
			runOnlyForDeploymentPostprocessing = 0;
			shellPath = /bin/sh;
			shellScript = "\"${SRCROOT}/Pods/Target Support Files/Pods-ParseChatTests/Pods-ParseChatTests-resources.sh\"\n";
			showEnvVarsInLog = 0;
		};
		8C32E39D841ACB08B49A99FF /* [CP] Check Pods Manifest.lock */ = {
			isa = PBXShellScriptBuildPhase;
			buildActionMask = 2147483647;
			files = (
			);
			inputPaths = (
				"${PODS_PODFILE_DIR_PATH}/Podfile.lock",
				"${PODS_ROOT}/Manifest.lock",
			);
			name = "[CP] Check Pods Manifest.lock";
			outputPaths = (
				"$(DERIVED_FILE_DIR)/Pods-ParseChat-checkManifestLockResult.txt",
			);
			runOnlyForDeploymentPostprocessing = 0;
			shellPath = /bin/sh;
			shellScript = "diff \"${PODS_PODFILE_DIR_PATH}/Podfile.lock\" \"${PODS_ROOT}/Manifest.lock\" > /dev/null\nif [ $? != 0 ] ; then\n    # print error to STDERR\n    echo \"error: The sandbox is not in sync with the Podfile.lock. Run 'pod install' or update your CocoaPods installation.\" >&2\n    exit 1\nfi\n# This output is used by Xcode 'outputs' to avoid re-running this script phase.\necho \"SUCCESS\" > \"${SCRIPT_OUTPUT_FILE_0}\"\n";
			showEnvVarsInLog = 0;
		};
		9A89DEF0825DA1991B18D514 /* [CP] Copy Pods Resources */ = {
			isa = PBXShellScriptBuildPhase;
			buildActionMask = 2147483647;
			files = (
			);
			inputPaths = (
			);
			name = "[CP] Copy Pods Resources";
			outputPaths = (
			);
			runOnlyForDeploymentPostprocessing = 0;
			shellPath = /bin/sh;
			shellScript = "\"${SRCROOT}/Pods/Target Support Files/Pods-ParseChat/Pods-ParseChat-resources.sh\"\n";
			showEnvVarsInLog = 0;
		};
		AA51A1838C7EDE6254B9CF1A /* [CP] Check Pods Manifest.lock */ = {
			isa = PBXShellScriptBuildPhase;
			buildActionMask = 2147483647;
			files = (
			);
			inputPaths = (
				"${PODS_PODFILE_DIR_PATH}/Podfile.lock",
				"${PODS_ROOT}/Manifest.lock",
			);
			name = "[CP] Check Pods Manifest.lock";
			outputPaths = (
				"$(DERIVED_FILE_DIR)/Pods-ParseChatUITests-checkManifestLockResult.txt",
			);
			runOnlyForDeploymentPostprocessing = 0;
			shellPath = /bin/sh;
			shellScript = "diff \"${PODS_PODFILE_DIR_PATH}/Podfile.lock\" \"${PODS_ROOT}/Manifest.lock\" > /dev/null\nif [ $? != 0 ] ; then\n    # print error to STDERR\n    echo \"error: The sandbox is not in sync with the Podfile.lock. Run 'pod install' or update your CocoaPods installation.\" >&2\n    exit 1\nfi\n# This output is used by Xcode 'outputs' to avoid re-running this script phase.\necho \"SUCCESS\" > \"${SCRIPT_OUTPUT_FILE_0}\"\n";
			showEnvVarsInLog = 0;
		};
		D76E2E974B25E8A09D6FED8A /* [CP] Copy Pods Resources */ = {
			isa = PBXShellScriptBuildPhase;
			buildActionMask = 2147483647;
			files = (
			);
			inputPaths = (
			);
			name = "[CP] Copy Pods Resources";
			outputPaths = (
			);
			runOnlyForDeploymentPostprocessing = 0;
			shellPath = /bin/sh;
			shellScript = "\"${SRCROOT}/Pods/Target Support Files/Pods-ParseChatUITests/Pods-ParseChatUITests-resources.sh\"\n";
			showEnvVarsInLog = 0;
		};
/* End PBXShellScriptBuildPhase section */

/* Begin PBXSourcesBuildPhase section */
		EC1C248220425C7500E74E9F /* Sources */ = {
			isa = PBXSourcesBuildPhase;
			buildActionMask = 2147483647;
			files = (
				EC1C24B820425E1C00E74E9F /* LoginViewController.swift in Sources */,
				EC1C248C20425C7500E74E9F /* ViewController.swift in Sources */,
				EC38420320426D8500C00459 /* ChatViewController.swift in Sources */,
				EC3842062042715600C00459 /* ChatCell.swift in Sources */,
				EC1C248A20425C7500E74E9F /* AppDelegate.swift in Sources */,
			);
			runOnlyForDeploymentPostprocessing = 0;
		};
		EC1C249620425C7500E74E9F /* Sources */ = {
			isa = PBXSourcesBuildPhase;
			buildActionMask = 2147483647;
			files = (
				EC1C249F20425C7500E74E9F /* ParseChatTests.swift in Sources */,
			);
			runOnlyForDeploymentPostprocessing = 0;
		};
		EC1C24A120425C7500E74E9F /* Sources */ = {
			isa = PBXSourcesBuildPhase;
			buildActionMask = 2147483647;
			files = (
				EC1C24AA20425C7500E74E9F /* ParseChatUITests.swift in Sources */,
			);
			runOnlyForDeploymentPostprocessing = 0;
		};
/* End PBXSourcesBuildPhase section */

/* Begin PBXTargetDependency section */
		EC1C249C20425C7500E74E9F /* PBXTargetDependency */ = {
			isa = PBXTargetDependency;
			target = EC1C248520425C7500E74E9F /* ParseChat */;
			targetProxy = EC1C249B20425C7500E74E9F /* PBXContainerItemProxy */;
		};
		EC1C24A720425C7500E74E9F /* PBXTargetDependency */ = {
			isa = PBXTargetDependency;
			target = EC1C248520425C7500E74E9F /* ParseChat */;
			targetProxy = EC1C24A620425C7500E74E9F /* PBXContainerItemProxy */;
		};
/* End PBXTargetDependency section */

/* Begin PBXVariantGroup section */
		EC1C248D20425C7500E74E9F /* Main.storyboard */ = {
			isa = PBXVariantGroup;
			children = (
				EC1C248E20425C7500E74E9F /* Base */,
			);
			name = Main.storyboard;
			sourceTree = "<group>";
		};
		EC1C249220425C7500E74E9F /* LaunchScreen.storyboard */ = {
			isa = PBXVariantGroup;
			children = (
				EC1C249320425C7500E74E9F /* Base */,
			);
			name = LaunchScreen.storyboard;
			sourceTree = "<group>";
		};
/* End PBXVariantGroup section */

/* Begin XCBuildConfiguration section */
		EC1C24AC20425C7500E74E9F /* Debug */ = {
			isa = XCBuildConfiguration;
			buildSettings = {
				ALWAYS_SEARCH_USER_PATHS = NO;
				CLANG_ANALYZER_NONNULL = YES;
				CLANG_ANALYZER_NUMBER_OBJECT_CONVERSION = YES_AGGRESSIVE;
				CLANG_CXX_LANGUAGE_STANDARD = "gnu++14";
				CLANG_CXX_LIBRARY = "libc++";
				CLANG_ENABLE_MODULES = YES;
				CLANG_ENABLE_OBJC_ARC = YES;
				CLANG_WARN_BLOCK_CAPTURE_AUTORELEASING = YES;
				CLANG_WARN_BOOL_CONVERSION = YES;
				CLANG_WARN_COMMA = YES;
				CLANG_WARN_CONSTANT_CONVERSION = YES;
				CLANG_WARN_DIRECT_OBJC_ISA_USAGE = YES_ERROR;
				CLANG_WARN_DOCUMENTATION_COMMENTS = YES;
				CLANG_WARN_EMPTY_BODY = YES;
				CLANG_WARN_ENUM_CONVERSION = YES;
				CLANG_WARN_INFINITE_RECURSION = YES;
				CLANG_WARN_INT_CONVERSION = YES;
				CLANG_WARN_NON_LITERAL_NULL_CONVERSION = YES;
				CLANG_WARN_OBJC_LITERAL_CONVERSION = YES;
				CLANG_WARN_OBJC_ROOT_CLASS = YES_ERROR;
				CLANG_WARN_RANGE_LOOP_ANALYSIS = YES;
				CLANG_WARN_STRICT_PROTOTYPES = YES;
				CLANG_WARN_SUSPICIOUS_MOVE = YES;
				CLANG_WARN_UNGUARDED_AVAILABILITY = YES_AGGRESSIVE;
				CLANG_WARN_UNREACHABLE_CODE = YES;
				CLANG_WARN__DUPLICATE_METHOD_MATCH = YES;
				CODE_SIGN_IDENTITY = "iPhone Developer";
				COPY_PHASE_STRIP = NO;
				DEBUG_INFORMATION_FORMAT = dwarf;
				ENABLE_STRICT_OBJC_MSGSEND = YES;
				ENABLE_TESTABILITY = YES;
				GCC_C_LANGUAGE_STANDARD = gnu11;
				GCC_DYNAMIC_NO_PIC = NO;
				GCC_NO_COMMON_BLOCKS = YES;
				GCC_OPTIMIZATION_LEVEL = 0;
				GCC_PREPROCESSOR_DEFINITIONS = (
					"DEBUG=1",
					"$(inherited)",
				);
				GCC_WARN_64_TO_32_BIT_CONVERSION = YES;
				GCC_WARN_ABOUT_RETURN_TYPE = YES_ERROR;
				GCC_WARN_UNDECLARED_SELECTOR = YES;
				GCC_WARN_UNINITIALIZED_AUTOS = YES_AGGRESSIVE;
				GCC_WARN_UNUSED_FUNCTION = YES;
				GCC_WARN_UNUSED_VARIABLE = YES;
				IPHONEOS_DEPLOYMENT_TARGET = 11.2;
				MTL_ENABLE_DEBUG_INFO = YES;
				ONLY_ACTIVE_ARCH = YES;
				SDKROOT = iphoneos;
				SWIFT_ACTIVE_COMPILATION_CONDITIONS = DEBUG;
				SWIFT_OPTIMIZATION_LEVEL = "-Onone";
			};
			name = Debug;
		};
		EC1C24AD20425C7500E74E9F /* Release */ = {
			isa = XCBuildConfiguration;
			buildSettings = {
				ALWAYS_SEARCH_USER_PATHS = NO;
				CLANG_ANALYZER_NONNULL = YES;
				CLANG_ANALYZER_NUMBER_OBJECT_CONVERSION = YES_AGGRESSIVE;
				CLANG_CXX_LANGUAGE_STANDARD = "gnu++14";
				CLANG_CXX_LIBRARY = "libc++";
				CLANG_ENABLE_MODULES = YES;
				CLANG_ENABLE_OBJC_ARC = YES;
				CLANG_WARN_BLOCK_CAPTURE_AUTORELEASING = YES;
				CLANG_WARN_BOOL_CONVERSION = YES;
				CLANG_WARN_COMMA = YES;
				CLANG_WARN_CONSTANT_CONVERSION = YES;
				CLANG_WARN_DIRECT_OBJC_ISA_USAGE = YES_ERROR;
				CLANG_WARN_DOCUMENTATION_COMMENTS = YES;
				CLANG_WARN_EMPTY_BODY = YES;
				CLANG_WARN_ENUM_CONVERSION = YES;
				CLANG_WARN_INFINITE_RECURSION = YES;
				CLANG_WARN_INT_CONVERSION = YES;
				CLANG_WARN_NON_LITERAL_NULL_CONVERSION = YES;
				CLANG_WARN_OBJC_LITERAL_CONVERSION = YES;
				CLANG_WARN_OBJC_ROOT_CLASS = YES_ERROR;
				CLANG_WARN_RANGE_LOOP_ANALYSIS = YES;
				CLANG_WARN_STRICT_PROTOTYPES = YES;
				CLANG_WARN_SUSPICIOUS_MOVE = YES;
				CLANG_WARN_UNGUARDED_AVAILABILITY = YES_AGGRESSIVE;
				CLANG_WARN_UNREACHABLE_CODE = YES;
				CLANG_WARN__DUPLICATE_METHOD_MATCH = YES;
				CODE_SIGN_IDENTITY = "iPhone Developer";
				COPY_PHASE_STRIP = NO;
				DEBUG_INFORMATION_FORMAT = "dwarf-with-dsym";
				ENABLE_NS_ASSERTIONS = NO;
				ENABLE_STRICT_OBJC_MSGSEND = YES;
				GCC_C_LANGUAGE_STANDARD = gnu11;
				GCC_NO_COMMON_BLOCKS = YES;
				GCC_WARN_64_TO_32_BIT_CONVERSION = YES;
				GCC_WARN_ABOUT_RETURN_TYPE = YES_ERROR;
				GCC_WARN_UNDECLARED_SELECTOR = YES;
				GCC_WARN_UNINITIALIZED_AUTOS = YES_AGGRESSIVE;
				GCC_WARN_UNUSED_FUNCTION = YES;
				GCC_WARN_UNUSED_VARIABLE = YES;
				IPHONEOS_DEPLOYMENT_TARGET = 11.2;
				MTL_ENABLE_DEBUG_INFO = NO;
				SDKROOT = iphoneos;
				SWIFT_OPTIMIZATION_LEVEL = "-Owholemodule";
				VALIDATE_PRODUCT = YES;
			};
			name = Release;
		};
		EC1C24AF20425C7500E74E9F /* Debug */ = {
			isa = XCBuildConfiguration;
			baseConfigurationReference = 29230361C9F29F43F9298BD2 /* Pods-ParseChat.debug.xcconfig */;
			buildSettings = {
				ASSETCATALOG_COMPILER_APPICON_NAME = AppIcon;
				CODE_SIGN_STYLE = Automatic;
				INFOPLIST_FILE = ParseChat/Info.plist;
				LD_RUNPATH_SEARCH_PATHS = "$(inherited) @executable_path/Frameworks";
				PRODUCT_BUNDLE_IDENTIFIER = com.codepath.ParseChat;
				PRODUCT_NAME = "$(TARGET_NAME)";
				SWIFT_VERSION = 4.0;
				TARGETED_DEVICE_FAMILY = "1,2";
			};
			name = Debug;
		};
		EC1C24B020425C7500E74E9F /* Release */ = {
			isa = XCBuildConfiguration;
			baseConfigurationReference = E3F4CF8E5733962D29B21A4D /* Pods-ParseChat.release.xcconfig */;
			buildSettings = {
				ASSETCATALOG_COMPILER_APPICON_NAME = AppIcon;
				CODE_SIGN_STYLE = Automatic;
				INFOPLIST_FILE = ParseChat/Info.plist;
				LD_RUNPATH_SEARCH_PATHS = "$(inherited) @executable_path/Frameworks";
				PRODUCT_BUNDLE_IDENTIFIER = com.codepath.ParseChat;
				PRODUCT_NAME = "$(TARGET_NAME)";
				SWIFT_VERSION = 4.0;
				TARGETED_DEVICE_FAMILY = "1,2";
			};
			name = Release;
		};
		EC1C24B220425C7500E74E9F /* Debug */ = {
			isa = XCBuildConfiguration;
			baseConfigurationReference = DF0655A9603E522D92EDA2D8 /* Pods-ParseChatTests.debug.xcconfig */;
			buildSettings = {
				ALWAYS_EMBED_SWIFT_STANDARD_LIBRARIES = YES;
				BUNDLE_LOADER = "$(TEST_HOST)";
				CODE_SIGN_STYLE = Automatic;
				INFOPLIST_FILE = ParseChatTests/Info.plist;
				LD_RUNPATH_SEARCH_PATHS = "$(inherited) @executable_path/Frameworks @loader_path/Frameworks";
				PRODUCT_BUNDLE_IDENTIFIER = com.codepath.ParseChatTests;
				PRODUCT_NAME = "$(TARGET_NAME)";
				SWIFT_VERSION = 4.0;
				TARGETED_DEVICE_FAMILY = "1,2";
				TEST_HOST = "$(BUILT_PRODUCTS_DIR)/ParseChat.app/ParseChat";
			};
			name = Debug;
		};
		EC1C24B320425C7500E74E9F /* Release */ = {
			isa = XCBuildConfiguration;
			baseConfigurationReference = 3B710E4CF944977B32A6D166 /* Pods-ParseChatTests.release.xcconfig */;
			buildSettings = {
				ALWAYS_EMBED_SWIFT_STANDARD_LIBRARIES = YES;
				BUNDLE_LOADER = "$(TEST_HOST)";
				CODE_SIGN_STYLE = Automatic;
				INFOPLIST_FILE = ParseChatTests/Info.plist;
				LD_RUNPATH_SEARCH_PATHS = "$(inherited) @executable_path/Frameworks @loader_path/Frameworks";
				PRODUCT_BUNDLE_IDENTIFIER = com.codepath.ParseChatTests;
				PRODUCT_NAME = "$(TARGET_NAME)";
				SWIFT_VERSION = 4.0;
				TARGETED_DEVICE_FAMILY = "1,2";
				TEST_HOST = "$(BUILT_PRODUCTS_DIR)/ParseChat.app/ParseChat";
			};
			name = Release;
		};
		EC1C24B520425C7500E74E9F /* Debug */ = {
			isa = XCBuildConfiguration;
			baseConfigurationReference = 37ACC3285F8589C86CC13629 /* Pods-ParseChatUITests.debug.xcconfig */;
			buildSettings = {
				ALWAYS_EMBED_SWIFT_STANDARD_LIBRARIES = YES;
				CODE_SIGN_STYLE = Automatic;
				INFOPLIST_FILE = ParseChatUITests/Info.plist;
				LD_RUNPATH_SEARCH_PATHS = "$(inherited) @executable_path/Frameworks @loader_path/Frameworks";
				PRODUCT_BUNDLE_IDENTIFIER = com.codepath.ParseChatUITests;
				PRODUCT_NAME = "$(TARGET_NAME)";
				SWIFT_VERSION = 4.0;
				TARGETED_DEVICE_FAMILY = "1,2";
				TEST_TARGET_NAME = ParseChat;
			};
			name = Debug;
		};
		EC1C24B620425C7500E74E9F /* Release */ = {
			isa = XCBuildConfiguration;
			baseConfigurationReference = FE1BBE8AAADDA99C991BE8A1 /* Pods-ParseChatUITests.release.xcconfig */;
			buildSettings = {
				ALWAYS_EMBED_SWIFT_STANDARD_LIBRARIES = YES;
				CODE_SIGN_STYLE = Automatic;
				INFOPLIST_FILE = ParseChatUITests/Info.plist;
				LD_RUNPATH_SEARCH_PATHS = "$(inherited) @executable_path/Frameworks @loader_path/Frameworks";
				PRODUCT_BUNDLE_IDENTIFIER = com.codepath.ParseChatUITests;
				PRODUCT_NAME = "$(TARGET_NAME)";
				SWIFT_VERSION = 4.0;
				TARGETED_DEVICE_FAMILY = "1,2";
				TEST_TARGET_NAME = ParseChat;
			};
			name = Release;
		};
/* End XCBuildConfiguration section */

/* Begin XCConfigurationList section */
		EC1C248120425C7500E74E9F /* Build configuration list for PBXProject "ParseChat" */ = {
			isa = XCConfigurationList;
			buildConfigurations = (
				EC1C24AC20425C7500E74E9F /* Debug */,
				EC1C24AD20425C7500E74E9F /* Release */,
			);
			defaultConfigurationIsVisible = 0;
			defaultConfigurationName = Release;
		};
		EC1C24AE20425C7500E74E9F /* Build configuration list for PBXNativeTarget "ParseChat" */ = {
			isa = XCConfigurationList;
			buildConfigurations = (
				EC1C24AF20425C7500E74E9F /* Debug */,
				EC1C24B020425C7500E74E9F /* Release */,
			);
			defaultConfigurationIsVisible = 0;
			defaultConfigurationName = Release;
		};
		EC1C24B120425C7500E74E9F /* Build configuration list for PBXNativeTarget "ParseChatTests" */ = {
			isa = XCConfigurationList;
			buildConfigurations = (
				EC1C24B220425C7500E74E9F /* Debug */,
				EC1C24B320425C7500E74E9F /* Release */,
			);
			defaultConfigurationIsVisible = 0;
			defaultConfigurationName = Release;
		};
		EC1C24B420425C7500E74E9F /* Build configuration list for PBXNativeTarget "ParseChatUITests" */ = {
			isa = XCConfigurationList;
			buildConfigurations = (
				EC1C24B520425C7500E74E9F /* Debug */,
				EC1C24B620425C7500E74E9F /* Release */,
			);
			defaultConfigurationIsVisible = 0;
			defaultConfigurationName = Release;
		};
/* End XCConfigurationList section */
	};
	rootObject = EC1C247E20425C7500E74E9F /* Project object */;
}
